// !$*UTF8*$!
{
	archiveVersion = 1;
	classes = {
	};
	objectVersion = 51;
	objects = {

/* Begin PBXBuildFile section */
		4F0050D326A341DF00172A4A /* AppDelegate.swift in Sources */ = {isa = PBXBuildFile; fileRef = 4F0050D226A341DF00172A4A /* AppDelegate.swift */; };
		4F0050D526A341DF00172A4A /* SceneDelegate.swift in Sources */ = {isa = PBXBuildFile; fileRef = 4F0050D426A341DF00172A4A /* SceneDelegate.swift */; };
		4F0050DC26A341EC00172A4A /* Assets.xcassets in Resources */ = {isa = PBXBuildFile; fileRef = 4F0050DB26A341EC00172A4A /* Assets.xcassets */; };
		4F0050DF26A341EC00172A4A /* LaunchScreen.storyboard in Resources */ = {isa = PBXBuildFile; fileRef = 4F0050DD26A341EC00172A4A /* LaunchScreen.storyboard */; };
		4F0050EA26A341ED00172A4A /* PantipFeedTests.swift in Sources */ = {isa = PBXBuildFile; fileRef = 4F0050E926A341ED00172A4A /* PantipFeedTests.swift */; };
		4F0050F526A341ED00172A4A /* PantipFeedUITests.swift in Sources */ = {isa = PBXBuildFile; fileRef = 4F0050F426A341ED00172A4A /* PantipFeedUITests.swift */; };
		4F0D5FA126AD7457007FA21E /* LoadingTableViewCell.swift in Sources */ = {isa = PBXBuildFile; fileRef = 4F0D5F9F26AD7457007FA21E /* LoadingTableViewCell.swift */; };
		4F0D5FA226AD7457007FA21E /* LoadingTableViewCell.xib in Resources */ = {isa = PBXBuildFile; fileRef = 4F0D5FA026AD7457007FA21E /* LoadingTableViewCell.xib */; };
		4F0D5FA726AD9120007FA21E /* tags.json in Resources */ = {isa = PBXBuildFile; fileRef = 4F0D5FA526AD9120007FA21E /* tags.json */; };
		4F0D5FA826AD9120007FA21E /* topics.json in Resources */ = {isa = PBXBuildFile; fileRef = 4F0D5FA626AD9120007FA21E /* topics.json */; };
		4F0D5FAB26AD929C007FA21E /* TagsResponse.swift in Sources */ = {isa = PBXBuildFile; fileRef = 4F0D5FAA26AD929B007FA21E /* TagsResponse.swift */; };
		4F0D5FAD26AD9795007FA21E /* TopicResponse.swift in Sources */ = {isa = PBXBuildFile; fileRef = 4F0D5FAC26AD9795007FA21E /* TopicResponse.swift */; };
		4FD56EB326A34B4600608B22 /* MainFeedPresenter.swift in Sources */ = {isa = PBXBuildFile; fileRef = 4FD56EAD26A34B4600608B22 /* MainFeedPresenter.swift */; };
		4FD56EB426A34B4600608B22 /* MainFeedWorker.swift in Sources */ = {isa = PBXBuildFile; fileRef = 4FD56EAE26A34B4600608B22 /* MainFeedWorker.swift */; };
		4FD56EB526A34B4600608B22 /* MainFeedRouter.swift in Sources */ = {isa = PBXBuildFile; fileRef = 4FD56EAF26A34B4600608B22 /* MainFeedRouter.swift */; };
		4FD56EB626A34B4600608B22 /* MainFeedModels.swift in Sources */ = {isa = PBXBuildFile; fileRef = 4FD56EB026A34B4600608B22 /* MainFeedModels.swift */; };
		4FD56EB726A34B4600608B22 /* MainFeedViewController.swift in Sources */ = {isa = PBXBuildFile; fileRef = 4FD56EB126A34B4600608B22 /* MainFeedViewController.swift */; };
		4FD56EB826A34B4600608B22 /* MainFeedInteractor.swift in Sources */ = {isa = PBXBuildFile; fileRef = 4FD56EB226A34B4600608B22 /* MainFeedInteractor.swift */; };
		4FD56EBC26A4386700608B22 /* NewFeed.storyboard in Resources */ = {isa = PBXBuildFile; fileRef = 4FD56EBB26A4386700608B22 /* NewFeed.storyboard */; };
		4FD56EC226A4469100608B22 /* MainFeedTableViewCell.swift in Sources */ = {isa = PBXBuildFile; fileRef = 4FD56EC026A4469100608B22 /* MainFeedTableViewCell.swift */; };
		4FD56EC326A4469100608B22 /* MainFeedTableViewCell.xib in Resources */ = {isa = PBXBuildFile; fileRef = 4FD56EC126A4469100608B22 /* MainFeedTableViewCell.xib */; };
		4FD56EC826A446D200608B22 /* MainFeedCollectionViewCell.swift in Sources */ = {isa = PBXBuildFile; fileRef = 4FD56EC626A446D200608B22 /* MainFeedCollectionViewCell.swift */; };
		4FD56EC926A446D200608B22 /* MainFeedCollectionViewCell.xib in Resources */ = {isa = PBXBuildFile; fileRef = 4FD56EC726A446D200608B22 /* MainFeedCollectionViewCell.xib */; };
		4FD56EDE26A44AC300608B22 /* Roboto-BoldItalic.ttf in Resources */ = {isa = PBXBuildFile; fileRef = 4FD56ECB26A44AC100608B22 /* Roboto-BoldItalic.ttf */; };
		4FD56EDF26A44AC300608B22 /* RobotoCondensed-BoldItalic.ttf in Resources */ = {isa = PBXBuildFile; fileRef = 4FD56ECC26A44AC100608B22 /* RobotoCondensed-BoldItalic.ttf */; };
		4FD56EE026A44AC300608B22 /* Roboto-MediumItalic.ttf in Resources */ = {isa = PBXBuildFile; fileRef = 4FD56ECD26A44AC100608B22 /* Roboto-MediumItalic.ttf */; };
		4FD56EE126A44AC300608B22 /* RobotoCondensed-LightItalic.ttf in Resources */ = {isa = PBXBuildFile; fileRef = 4FD56ECE26A44AC100608B22 /* RobotoCondensed-LightItalic.ttf */; };
		4FD56EE226A44AC300608B22 /* Roboto-Regular.ttf in Resources */ = {isa = PBXBuildFile; fileRef = 4FD56ECF26A44AC100608B22 /* Roboto-Regular.ttf */; };
		4FD56EE326A44AC300608B22 /* Roboto-Medium.ttf in Resources */ = {isa = PBXBuildFile; fileRef = 4FD56ED026A44AC200608B22 /* Roboto-Medium.ttf */; };
		4FD56EE426A44AC300608B22 /* Roboto-LightItalic.ttf in Resources */ = {isa = PBXBuildFile; fileRef = 4FD56ED126A44AC200608B22 /* Roboto-LightItalic.ttf */; };
		4FD56EE626A44AC300608B22 /* Roboto-BlackItalic.ttf in Resources */ = {isa = PBXBuildFile; fileRef = 4FD56ED326A44AC200608B22 /* Roboto-BlackItalic.ttf */; };
		4FD56EE726A44AC300608B22 /* RobotoCondensed-Italic.ttf in Resources */ = {isa = PBXBuildFile; fileRef = 4FD56ED426A44AC200608B22 /* RobotoCondensed-Italic.ttf */; };
		4FD56EE826A44AC300608B22 /* Roboto-Bold.ttf in Resources */ = {isa = PBXBuildFile; fileRef = 4FD56ED526A44AC200608B22 /* Roboto-Bold.ttf */; };
		4FD56EE926A44AC300608B22 /* RobotoCondensed-Bold.ttf in Resources */ = {isa = PBXBuildFile; fileRef = 4FD56ED626A44AC200608B22 /* RobotoCondensed-Bold.ttf */; };
		4FD56EEA26A44AC300608B22 /* RobotoCondensed-Light.ttf in Resources */ = {isa = PBXBuildFile; fileRef = 4FD56ED726A44AC300608B22 /* RobotoCondensed-Light.ttf */; };
		4FD56EEB26A44AC300608B22 /* Roboto-Light.ttf in Resources */ = {isa = PBXBuildFile; fileRef = 4FD56ED826A44AC300608B22 /* Roboto-Light.ttf */; };
		4FD56EEC26A44AC300608B22 /* Roboto-ThinItalic.ttf in Resources */ = {isa = PBXBuildFile; fileRef = 4FD56ED926A44AC300608B22 /* Roboto-ThinItalic.ttf */; };
		4FD56EED26A44AC300608B22 /* RobotoCondensed-Regular.ttf in Resources */ = {isa = PBXBuildFile; fileRef = 4FD56EDA26A44AC300608B22 /* RobotoCondensed-Regular.ttf */; };
		4FD56EEE26A44AC300608B22 /* Roboto-Black.ttf in Resources */ = {isa = PBXBuildFile; fileRef = 4FD56EDB26A44AC300608B22 /* Roboto-Black.ttf */; };
		4FD56EEF26A44AC300608B22 /* Roboto-Thin.ttf in Resources */ = {isa = PBXBuildFile; fileRef = 4FD56EDC26A44AC300608B22 /* Roboto-Thin.ttf */; };
		4FD56EF026A44AC300608B22 /* Roboto-Italic.ttf in Resources */ = {isa = PBXBuildFile; fileRef = 4FD56EDD26A44AC300608B22 /* Roboto-Italic.ttf */; };
		4FD56EF226A44CAE00608B22 /* NotoSans-Regular.ttf in Resources */ = {isa = PBXBuildFile; fileRef = 4FD56EF126A44CAE00608B22 /* NotoSans-Regular.ttf */; };
		4FD56EF426A44E2C00608B22 /* NotoSansThai-Regular.ttf in Resources */ = {isa = PBXBuildFile; fileRef = 4FD56EF326A44E2C00608B22 /* NotoSansThai-Regular.ttf */; };
		7FBB4AE0E6800513E9CC22A9 /* Pods_PantipFeedTests.framework in Frameworks */ = {isa = PBXBuildFile; fileRef = BEC52AEA1ADC80DD3A7FAC64 /* Pods_PantipFeedTests.framework */; };
		CF6B183E78611894EF9FFD5B /* Pods_PantipFeed.framework in Frameworks */ = {isa = PBXBuildFile; fileRef = 801E9E6F0137EEE4F046062E /* Pods_PantipFeed.framework */; };
		DD06A23BAE44159A8C81F11E /* Pods_PantipFeed_PantipFeedUITests.framework in Frameworks */ = {isa = PBXBuildFile; fileRef = BFE67CE0789397D463C5417A /* Pods_PantipFeed_PantipFeedUITests.framework */; };
/* End PBXBuildFile section */

/* Begin PBXContainerItemProxy section */
		4F0050E626A341ED00172A4A /* PBXContainerItemProxy */ = {
			isa = PBXContainerItemProxy;
			containerPortal = 4F0050C726A341DF00172A4A /* Project object */;
			proxyType = 1;
			remoteGlobalIDString = 4F0050CE26A341DF00172A4A;
			remoteInfo = PantipFeed;
		};
		4F0050F126A341ED00172A4A /* PBXContainerItemProxy */ = {
			isa = PBXContainerItemProxy;
			containerPortal = 4F0050C726A341DF00172A4A /* Project object */;
			proxyType = 1;
			remoteGlobalIDString = 4F0050CE26A341DF00172A4A;
			remoteInfo = PantipFeed;
		};
/* End PBXContainerItemProxy section */

/* Begin PBXFileReference section */
		2A5A37A39790B1C606507E50 /* Pods-PantipFeed.release.xcconfig */ = {isa = PBXFileReference; includeInIndex = 1; lastKnownFileType = text.xcconfig; name = "Pods-PantipFeed.release.xcconfig"; path = "Target Support Files/Pods-PantipFeed/Pods-PantipFeed.release.xcconfig"; sourceTree = "<group>"; };
		32B28BE229F644BBCA02164B /* Pods-PantipFeed.debug.xcconfig */ = {isa = PBXFileReference; includeInIndex = 1; lastKnownFileType = text.xcconfig; name = "Pods-PantipFeed.debug.xcconfig"; path = "Target Support Files/Pods-PantipFeed/Pods-PantipFeed.debug.xcconfig"; sourceTree = "<group>"; };
		4F0050CF26A341DF00172A4A /* PantipFeed.app */ = {isa = PBXFileReference; explicitFileType = wrapper.application; includeInIndex = 0; path = PantipFeed.app; sourceTree = BUILT_PRODUCTS_DIR; };
		4F0050D226A341DF00172A4A /* AppDelegate.swift */ = {isa = PBXFileReference; lastKnownFileType = sourcecode.swift; path = AppDelegate.swift; sourceTree = "<group>"; };
		4F0050D426A341DF00172A4A /* SceneDelegate.swift */ = {isa = PBXFileReference; lastKnownFileType = sourcecode.swift; path = SceneDelegate.swift; sourceTree = "<group>"; };
		4F0050DB26A341EC00172A4A /* Assets.xcassets */ = {isa = PBXFileReference; lastKnownFileType = folder.assetcatalog; path = Assets.xcassets; sourceTree = "<group>"; };
		4F0050DE26A341EC00172A4A /* Base */ = {isa = PBXFileReference; lastKnownFileType = file.storyboard; name = Base; path = Base.lproj/LaunchScreen.storyboard; sourceTree = "<group>"; };
		4F0050E026A341EC00172A4A /* Info.plist */ = {isa = PBXFileReference; lastKnownFileType = text.plist.xml; path = Info.plist; sourceTree = "<group>"; };
		4F0050E526A341ED00172A4A /* PantipFeedTests.xctest */ = {isa = PBXFileReference; explicitFileType = wrapper.cfbundle; includeInIndex = 0; path = PantipFeedTests.xctest; sourceTree = BUILT_PRODUCTS_DIR; };
		4F0050E926A341ED00172A4A /* PantipFeedTests.swift */ = {isa = PBXFileReference; lastKnownFileType = sourcecode.swift; path = PantipFeedTests.swift; sourceTree = "<group>"; };
		4F0050EB26A341ED00172A4A /* Info.plist */ = {isa = PBXFileReference; lastKnownFileType = text.plist.xml; path = Info.plist; sourceTree = "<group>"; };
		4F0050F026A341ED00172A4A /* PantipFeedUITests.xctest */ = {isa = PBXFileReference; explicitFileType = wrapper.cfbundle; includeInIndex = 0; path = PantipFeedUITests.xctest; sourceTree = BUILT_PRODUCTS_DIR; };
		4F0050F426A341ED00172A4A /* PantipFeedUITests.swift */ = {isa = PBXFileReference; lastKnownFileType = sourcecode.swift; path = PantipFeedUITests.swift; sourceTree = "<group>"; };
		4F0050F626A341ED00172A4A /* Info.plist */ = {isa = PBXFileReference; lastKnownFileType = text.plist.xml; path = Info.plist; sourceTree = "<group>"; };
		4F0D5F9F26AD7457007FA21E /* LoadingTableViewCell.swift */ = {isa = PBXFileReference; lastKnownFileType = sourcecode.swift; path = LoadingTableViewCell.swift; sourceTree = "<group>"; };
		4F0D5FA026AD7457007FA21E /* LoadingTableViewCell.xib */ = {isa = PBXFileReference; lastKnownFileType = file.xib; path = LoadingTableViewCell.xib; sourceTree = "<group>"; };
		4F0D5FA526AD9120007FA21E /* tags.json */ = {isa = PBXFileReference; fileEncoding = 4; lastKnownFileType = text.json; path = tags.json; sourceTree = "<group>"; };
		4F0D5FA626AD9120007FA21E /* topics.json */ = {isa = PBXFileReference; fileEncoding = 4; lastKnownFileType = text.json; path = topics.json; sourceTree = "<group>"; };
		4F0D5FAA26AD929B007FA21E /* TagsResponse.swift */ = {isa = PBXFileReference; lastKnownFileType = sourcecode.swift; path = TagsResponse.swift; sourceTree = "<group>"; };
		4F0D5FAC26AD9795007FA21E /* TopicResponse.swift */ = {isa = PBXFileReference; lastKnownFileType = sourcecode.swift; path = TopicResponse.swift; sourceTree = "<group>"; };
		4FD56EAD26A34B4600608B22 /* MainFeedPresenter.swift */ = {isa = PBXFileReference; lastKnownFileType = sourcecode.swift; path = MainFeedPresenter.swift; sourceTree = "<group>"; };
		4FD56EAE26A34B4600608B22 /* MainFeedWorker.swift */ = {isa = PBXFileReference; lastKnownFileType = sourcecode.swift; path = MainFeedWorker.swift; sourceTree = "<group>"; };
		4FD56EAF26A34B4600608B22 /* MainFeedRouter.swift */ = {isa = PBXFileReference; lastKnownFileType = sourcecode.swift; path = MainFeedRouter.swift; sourceTree = "<group>"; };
		4FD56EB026A34B4600608B22 /* MainFeedModels.swift */ = {isa = PBXFileReference; lastKnownFileType = sourcecode.swift; path = MainFeedModels.swift; sourceTree = "<group>"; };
		4FD56EB126A34B4600608B22 /* MainFeedViewController.swift */ = {isa = PBXFileReference; lastKnownFileType = sourcecode.swift; path = MainFeedViewController.swift; sourceTree = "<group>"; };
		4FD56EB226A34B4600608B22 /* MainFeedInteractor.swift */ = {isa = PBXFileReference; lastKnownFileType = sourcecode.swift; path = MainFeedInteractor.swift; sourceTree = "<group>"; };
		4FD56EBB26A4386700608B22 /* NewFeed.storyboard */ = {isa = PBXFileReference; lastKnownFileType = file.storyboard; path = NewFeed.storyboard; sourceTree = "<group>"; };
		4FD56EC026A4469100608B22 /* MainFeedTableViewCell.swift */ = {isa = PBXFileReference; lastKnownFileType = sourcecode.swift; path = MainFeedTableViewCell.swift; sourceTree = "<group>"; };
		4FD56EC126A4469100608B22 /* MainFeedTableViewCell.xib */ = {isa = PBXFileReference; lastKnownFileType = file.xib; path = MainFeedTableViewCell.xib; sourceTree = "<group>"; };
		4FD56EC626A446D200608B22 /* MainFeedCollectionViewCell.swift */ = {isa = PBXFileReference; lastKnownFileType = sourcecode.swift; path = MainFeedCollectionViewCell.swift; sourceTree = "<group>"; };
		4FD56EC726A446D200608B22 /* MainFeedCollectionViewCell.xib */ = {isa = PBXFileReference; lastKnownFileType = file.xib; path = MainFeedCollectionViewCell.xib; sourceTree = "<group>"; };
		4FD56ECB26A44AC100608B22 /* Roboto-BoldItalic.ttf */ = {isa = PBXFileReference; lastKnownFileType = file; path = "Roboto-BoldItalic.ttf"; sourceTree = "<group>"; };
		4FD56ECC26A44AC100608B22 /* RobotoCondensed-BoldItalic.ttf */ = {isa = PBXFileReference; lastKnownFileType = file; path = "RobotoCondensed-BoldItalic.ttf"; sourceTree = "<group>"; };
		4FD56ECD26A44AC100608B22 /* Roboto-MediumItalic.ttf */ = {isa = PBXFileReference; lastKnownFileType = file; path = "Roboto-MediumItalic.ttf"; sourceTree = "<group>"; };
		4FD56ECE26A44AC100608B22 /* RobotoCondensed-LightItalic.ttf */ = {isa = PBXFileReference; lastKnownFileType = file; path = "RobotoCondensed-LightItalic.ttf"; sourceTree = "<group>"; };
		4FD56ECF26A44AC100608B22 /* Roboto-Regular.ttf */ = {isa = PBXFileReference; lastKnownFileType = file; path = "Roboto-Regular.ttf"; sourceTree = "<group>"; };
		4FD56ED026A44AC200608B22 /* Roboto-Medium.ttf */ = {isa = PBXFileReference; lastKnownFileType = file; path = "Roboto-Medium.ttf"; sourceTree = "<group>"; };
		4FD56ED126A44AC200608B22 /* Roboto-LightItalic.ttf */ = {isa = PBXFileReference; lastKnownFileType = file; path = "Roboto-LightItalic.ttf"; sourceTree = "<group>"; };
		4FD56ED326A44AC200608B22 /* Roboto-BlackItalic.ttf */ = {isa = PBXFileReference; lastKnownFileType = file; path = "Roboto-BlackItalic.ttf"; sourceTree = "<group>"; };
		4FD56ED426A44AC200608B22 /* RobotoCondensed-Italic.ttf */ = {isa = PBXFileReference; lastKnownFileType = file; path = "RobotoCondensed-Italic.ttf"; sourceTree = "<group>"; };
		4FD56ED526A44AC200608B22 /* Roboto-Bold.ttf */ = {isa = PBXFileReference; lastKnownFileType = file; path = "Roboto-Bold.ttf"; sourceTree = "<group>"; };
		4FD56ED626A44AC200608B22 /* RobotoCondensed-Bold.ttf */ = {isa = PBXFileReference; lastKnownFileType = file; path = "RobotoCondensed-Bold.ttf"; sourceTree = "<group>"; };
		4FD56ED726A44AC300608B22 /* RobotoCondensed-Light.ttf */ = {isa = PBXFileReference; lastKnownFileType = file; path = "RobotoCondensed-Light.ttf"; sourceTree = "<group>"; };
		4FD56ED826A44AC300608B22 /* Roboto-Light.ttf */ = {isa = PBXFileReference; lastKnownFileType = file; path = "Roboto-Light.ttf"; sourceTree = "<group>"; };
		4FD56ED926A44AC300608B22 /* Roboto-ThinItalic.ttf */ = {isa = PBXFileReference; lastKnownFileType = file; path = "Roboto-ThinItalic.ttf"; sourceTree = "<group>"; };
		4FD56EDA26A44AC300608B22 /* RobotoCondensed-Regular.ttf */ = {isa = PBXFileReference; lastKnownFileType = file; path = "RobotoCondensed-Regular.ttf"; sourceTree = "<group>"; };
		4FD56EDB26A44AC300608B22 /* Roboto-Black.ttf */ = {isa = PBXFileReference; lastKnownFileType = file; path = "Roboto-Black.ttf"; sourceTree = "<group>"; };
		4FD56EDC26A44AC300608B22 /* Roboto-Thin.ttf */ = {isa = PBXFileReference; lastKnownFileType = file; path = "Roboto-Thin.ttf"; sourceTree = "<group>"; };
		4FD56EDD26A44AC300608B22 /* Roboto-Italic.ttf */ = {isa = PBXFileReference; lastKnownFileType = file; path = "Roboto-Italic.ttf"; sourceTree = "<group>"; };
		4FD56EF126A44CAE00608B22 /* NotoSans-Regular.ttf */ = {isa = PBXFileReference; lastKnownFileType = file; path = "NotoSans-Regular.ttf"; sourceTree = "<group>"; };
		4FD56EF326A44E2C00608B22 /* NotoSansThai-Regular.ttf */ = {isa = PBXFileReference; lastKnownFileType = file; path = "NotoSansThai-Regular.ttf"; sourceTree = "<group>"; };
		801E9E6F0137EEE4F046062E /* Pods_PantipFeed.framework */ = {isa = PBXFileReference; explicitFileType = wrapper.framework; includeInIndex = 0; path = Pods_PantipFeed.framework; sourceTree = BUILT_PRODUCTS_DIR; };
		8B63C4D0647840AD69E43458 /* Pods-PantipFeed-PantipFeedUITests.debug.xcconfig */ = {isa = PBXFileReference; includeInIndex = 1; lastKnownFileType = text.xcconfig; name = "Pods-PantipFeed-PantipFeedUITests.debug.xcconfig"; path = "Target Support Files/Pods-PantipFeed-PantipFeedUITests/Pods-PantipFeed-PantipFeedUITests.debug.xcconfig"; sourceTree = "<group>"; };
		A18D3308408C581449ACD661 /* Pods-PantipFeedTests.debug.xcconfig */ = {isa = PBXFileReference; includeInIndex = 1; lastKnownFileType = text.xcconfig; name = "Pods-PantipFeedTests.debug.xcconfig"; path = "Target Support Files/Pods-PantipFeedTests/Pods-PantipFeedTests.debug.xcconfig"; sourceTree = "<group>"; };
		A4A9D15784F3F180D46B4029 /* Pods-PantipFeedTests.release.xcconfig */ = {isa = PBXFileReference; includeInIndex = 1; lastKnownFileType = text.xcconfig; name = "Pods-PantipFeedTests.release.xcconfig"; path = "Target Support Files/Pods-PantipFeedTests/Pods-PantipFeedTests.release.xcconfig"; sourceTree = "<group>"; };
		BEC52AEA1ADC80DD3A7FAC64 /* Pods_PantipFeedTests.framework */ = {isa = PBXFileReference; explicitFileType = wrapper.framework; includeInIndex = 0; path = Pods_PantipFeedTests.framework; sourceTree = BUILT_PRODUCTS_DIR; };
		BFE67CE0789397D463C5417A /* Pods_PantipFeed_PantipFeedUITests.framework */ = {isa = PBXFileReference; explicitFileType = wrapper.framework; includeInIndex = 0; path = Pods_PantipFeed_PantipFeedUITests.framework; sourceTree = BUILT_PRODUCTS_DIR; };
		C3D8D6AD2C342054A1FA7D29 /* Pods-PantipFeed-PantipFeedUITests.release.xcconfig */ = {isa = PBXFileReference; includeInIndex = 1; lastKnownFileType = text.xcconfig; name = "Pods-PantipFeed-PantipFeedUITests.release.xcconfig"; path = "Target Support Files/Pods-PantipFeed-PantipFeedUITests/Pods-PantipFeed-PantipFeedUITests.release.xcconfig"; sourceTree = "<group>"; };
/* End PBXFileReference section */

/* Begin PBXFrameworksBuildPhase section */
		4F0050CC26A341DF00172A4A /* Frameworks */ = {
			isa = PBXFrameworksBuildPhase;
			buildActionMask = 2147483647;
			files = (
				CF6B183E78611894EF9FFD5B /* Pods_PantipFeed.framework in Frameworks */,
			);
			runOnlyForDeploymentPostprocessing = 0;
		};
		4F0050E226A341ED00172A4A /* Frameworks */ = {
			isa = PBXFrameworksBuildPhase;
			buildActionMask = 2147483647;
			files = (
				7FBB4AE0E6800513E9CC22A9 /* Pods_PantipFeedTests.framework in Frameworks */,
			);
			runOnlyForDeploymentPostprocessing = 0;
		};
		4F0050ED26A341ED00172A4A /* Frameworks */ = {
			isa = PBXFrameworksBuildPhase;
			buildActionMask = 2147483647;
			files = (
				DD06A23BAE44159A8C81F11E /* Pods_PantipFeed_PantipFeedUITests.framework in Frameworks */,
			);
			runOnlyForDeploymentPostprocessing = 0;
		};
/* End PBXFrameworksBuildPhase section */

/* Begin PBXGroup section */
		4F0050C626A341DF00172A4A = {
			isa = PBXGroup;
			children = (
				4F0050D126A341DF00172A4A /* PantipFeed */,
				4F0050E826A341ED00172A4A /* PantipFeedTests */,
				4F0050F326A341ED00172A4A /* PantipFeedUITests */,
				4F0050D026A341DF00172A4A /* Products */,
				7F5E09D0DD178C328A9ACB98 /* Pods */,
				9F4936F22F19E8F0C64B46DA /* Frameworks */,
			);
			sourceTree = "<group>";
		};
		4F0050D026A341DF00172A4A /* Products */ = {
			isa = PBXGroup;
			children = (
				4F0050CF26A341DF00172A4A /* PantipFeed.app */,
				4F0050E526A341ED00172A4A /* PantipFeedTests.xctest */,
				4F0050F026A341ED00172A4A /* PantipFeedUITests.xctest */,
			);
			name = Products;
			sourceTree = "<group>";
		};
		4F0050D126A341DF00172A4A /* PantipFeed */ = {
			isa = PBXGroup;
			children = (
				4F0D5FA926AD9277007FA21E /* Repository */,
				4F0D5FA426AD9107007FA21E /* Data */,
				4FD56ECA26A44AA800608B22 /* Fonts */,
				4FD56EAC26A34B2500608B22 /* Scense */,
				4F0050D226A341DF00172A4A /* AppDelegate.swift */,
				4F0050D426A341DF00172A4A /* SceneDelegate.swift */,
				4F0050DB26A341EC00172A4A /* Assets.xcassets */,
				4F0050DD26A341EC00172A4A /* LaunchScreen.storyboard */,
				4F0050E026A341EC00172A4A /* Info.plist */,
			);
			path = PantipFeed;
			sourceTree = "<group>";
		};
		4F0050E826A341ED00172A4A /* PantipFeedTests */ = {
			isa = PBXGroup;
			children = (
				4F0050E926A341ED00172A4A /* PantipFeedTests.swift */,
				4F0050EB26A341ED00172A4A /* Info.plist */,
			);
			path = PantipFeedTests;
			sourceTree = "<group>";
		};
		4F0050F326A341ED00172A4A /* PantipFeedUITests */ = {
			isa = PBXGroup;
			children = (
				4F0050F426A341ED00172A4A /* PantipFeedUITests.swift */,
				4F0050F626A341ED00172A4A /* Info.plist */,
			);
			path = PantipFeedUITests;
			sourceTree = "<group>";
		};
		4F0D5FA426AD9107007FA21E /* Data */ = {
			isa = PBXGroup;
			children = (
				4F0D5FA526AD9120007FA21E /* tags.json */,
				4F0D5FA626AD9120007FA21E /* topics.json */,
			);
			path = Data;
			sourceTree = "<group>";
		};
		4F0D5FA926AD9277007FA21E /* Repository */ = {
			isa = PBXGroup;
			children = (
				4F0D5FAA26AD929B007FA21E /* TagsResponse.swift */,
				4F0D5FAC26AD9795007FA21E /* TopicResponse.swift */,
			);
			path = Repository;
			sourceTree = "<group>";
		};
		4FD56EAC26A34B2500608B22 /* Scense */ = {
			isa = PBXGroup;
			children = (
				4FD56EBD26A4464000608B22 /* Cell */,
				4FD56EAD26A34B4600608B22 /* MainFeedPresenter.swift */,
				4FD56EAE26A34B4600608B22 /* MainFeedWorker.swift */,
				4FD56EAF26A34B4600608B22 /* MainFeedRouter.swift */,
				4FD56EB026A34B4600608B22 /* MainFeedModels.swift */,
				4FD56EB126A34B4600608B22 /* MainFeedViewController.swift */,
				4FD56EB226A34B4600608B22 /* MainFeedInteractor.swift */,
				4FD56EBB26A4386700608B22 /* NewFeed.storyboard */,
			);
			path = Scense;
			sourceTree = "<group>";
		};
		4FD56EBD26A4464000608B22 /* Cell */ = {
			isa = PBXGroup;
			children = (
				4FD56EC026A4469100608B22 /* MainFeedTableViewCell.swift */,
				4FD56EC126A4469100608B22 /* MainFeedTableViewCell.xib */,
				4FD56EC626A446D200608B22 /* MainFeedCollectionViewCell.swift */,
				4FD56EC726A446D200608B22 /* MainFeedCollectionViewCell.xib */,
				4F0D5F9F26AD7457007FA21E /* LoadingTableViewCell.swift */,
				4F0D5FA026AD7457007FA21E /* LoadingTableViewCell.xib */,
			);
			path = Cell;
			sourceTree = "<group>";
		};
		4FD56ECA26A44AA800608B22 /* Fonts */ = {
			isa = PBXGroup;
			children = (
				4FD56EDB26A44AC300608B22 /* Roboto-Black.ttf */,
				4FD56ED326A44AC200608B22 /* Roboto-BlackItalic.ttf */,
				4FD56ED526A44AC200608B22 /* Roboto-Bold.ttf */,
				4FD56ECB26A44AC100608B22 /* Roboto-BoldItalic.ttf */,
				4FD56EDD26A44AC300608B22 /* Roboto-Italic.ttf */,
				4FD56ED826A44AC300608B22 /* Roboto-Light.ttf */,
				4FD56ED126A44AC200608B22 /* Roboto-LightItalic.ttf */,
				4FD56ED026A44AC200608B22 /* Roboto-Medium.ttf */,
				4FD56ECD26A44AC100608B22 /* Roboto-MediumItalic.ttf */,
				4FD56ECF26A44AC100608B22 /* Roboto-Regular.ttf */,
				4FD56EDC26A44AC300608B22 /* Roboto-Thin.ttf */,
				4FD56ED926A44AC300608B22 /* Roboto-ThinItalic.ttf */,
				4FD56ED626A44AC200608B22 /* RobotoCondensed-Bold.ttf */,
				4FD56ECC26A44AC100608B22 /* RobotoCondensed-BoldItalic.ttf */,
				4FD56ED426A44AC200608B22 /* RobotoCondensed-Italic.ttf */,
				4FD56ED726A44AC300608B22 /* RobotoCondensed-Light.ttf */,
				4FD56ECE26A44AC100608B22 /* RobotoCondensed-LightItalic.ttf */,
				4FD56EDA26A44AC300608B22 /* RobotoCondensed-Regular.ttf */,
				4FD56EF126A44CAE00608B22 /* NotoSans-Regular.ttf */,
				4FD56EF326A44E2C00608B22 /* NotoSansThai-Regular.ttf */,
			);
			path = Fonts;
			sourceTree = "<group>";
		};
		7F5E09D0DD178C328A9ACB98 /* Pods */ = {
			isa = PBXGroup;
			children = (
				32B28BE229F644BBCA02164B /* Pods-PantipFeed.debug.xcconfig */,
				2A5A37A39790B1C606507E50 /* Pods-PantipFeed.release.xcconfig */,
				8B63C4D0647840AD69E43458 /* Pods-PantipFeed-PantipFeedUITests.debug.xcconfig */,
				C3D8D6AD2C342054A1FA7D29 /* Pods-PantipFeed-PantipFeedUITests.release.xcconfig */,
				A18D3308408C581449ACD661 /* Pods-PantipFeedTests.debug.xcconfig */,
				A4A9D15784F3F180D46B4029 /* Pods-PantipFeedTests.release.xcconfig */,
			);
			path = Pods;
			sourceTree = "<group>";
		};
		9F4936F22F19E8F0C64B46DA /* Frameworks */ = {
			isa = PBXGroup;
			children = (
				801E9E6F0137EEE4F046062E /* Pods_PantipFeed.framework */,
				BFE67CE0789397D463C5417A /* Pods_PantipFeed_PantipFeedUITests.framework */,
				BEC52AEA1ADC80DD3A7FAC64 /* Pods_PantipFeedTests.framework */,
			);
			name = Frameworks;
			sourceTree = "<group>";
		};
/* End PBXGroup section */

/* Begin PBXNativeTarget section */
		4F0050CE26A341DF00172A4A /* PantipFeed */ = {
			isa = PBXNativeTarget;
			buildConfigurationList = 4F0050F926A341ED00172A4A /* Build configuration list for PBXNativeTarget "PantipFeed" */;
			buildPhases = (
				4E7124DE22E2777E453BAB2F /* [CP] Check Pods Manifest.lock */,
				4F0050CB26A341DF00172A4A /* Sources */,
				4F0050CC26A341DF00172A4A /* Frameworks */,
				4F0050CD26A341DF00172A4A /* Resources */,
				3CF7FDDEB60CA4138FF4DFA9 /* [CP] Embed Pods Frameworks */,
			);
			buildRules = (
			);
			dependencies = (
			);
			name = PantipFeed;
			productName = PantipFeed;
			productReference = 4F0050CF26A341DF00172A4A /* PantipFeed.app */;
			productType = "com.apple.product-type.application";
		};
		4F0050E426A341ED00172A4A /* PantipFeedTests */ = {
			isa = PBXNativeTarget;
			buildConfigurationList = 4F0050FC26A341ED00172A4A /* Build configuration list for PBXNativeTarget "PantipFeedTests" */;
			buildPhases = (
				648B1FEF142E528C82EA0521 /* [CP] Check Pods Manifest.lock */,
				4F0050E126A341ED00172A4A /* Sources */,
				4F0050E226A341ED00172A4A /* Frameworks */,
				4F0050E326A341ED00172A4A /* Resources */,
			);
			buildRules = (
			);
			dependencies = (
				4F0050E726A341ED00172A4A /* PBXTargetDependency */,
			);
			name = PantipFeedTests;
			productName = PantipFeedTests;
			productReference = 4F0050E526A341ED00172A4A /* PantipFeedTests.xctest */;
			productType = "com.apple.product-type.bundle.unit-test";
		};
		4F0050EF26A341ED00172A4A /* PantipFeedUITests */ = {
			isa = PBXNativeTarget;
			buildConfigurationList = 4F0050FF26A341ED00172A4A /* Build configuration list for PBXNativeTarget "PantipFeedUITests" */;
			buildPhases = (
				A6B391528FD6718C1934A1E6 /* [CP] Check Pods Manifest.lock */,
				4F0050EC26A341ED00172A4A /* Sources */,
				4F0050ED26A341ED00172A4A /* Frameworks */,
				4F0050EE26A341ED00172A4A /* Resources */,
				D641C02BB3A342044B1F6941 /* [CP] Embed Pods Frameworks */,
			);
			buildRules = (
			);
			dependencies = (
				4F0050F226A341ED00172A4A /* PBXTargetDependency */,
			);
			name = PantipFeedUITests;
			productName = PantipFeedUITests;
			productReference = 4F0050F026A341ED00172A4A /* PantipFeedUITests.xctest */;
			productType = "com.apple.product-type.bundle.ui-testing";
		};
/* End PBXNativeTarget section */

/* Begin PBXProject section */
		4F0050C726A341DF00172A4A /* Project object */ = {
			isa = PBXProject;
			attributes = {
				LastSwiftUpdateCheck = 1250;
				LastUpgradeCheck = 1250;
				TargetAttributes = {
					4F0050CE26A341DF00172A4A = {
						CreatedOnToolsVersion = 12.5;
					};
					4F0050E426A341ED00172A4A = {
						CreatedOnToolsVersion = 12.5;
						TestTargetID = 4F0050CE26A341DF00172A4A;
					};
					4F0050EF26A341ED00172A4A = {
						CreatedOnToolsVersion = 12.5;
						TestTargetID = 4F0050CE26A341DF00172A4A;
					};
				};
			};
			buildConfigurationList = 4F0050CA26A341DF00172A4A /* Build configuration list for PBXProject "PantipFeed" */;
			compatibilityVersion = "Xcode 9.3";
			developmentRegion = en;
			hasScannedForEncodings = 0;
			knownRegions = (
				en,
				Base,
			);
			mainGroup = 4F0050C626A341DF00172A4A;
			productRefGroup = 4F0050D026A341DF00172A4A /* Products */;
			projectDirPath = "";
			projectRoot = "";
			targets = (
				4F0050CE26A341DF00172A4A /* PantipFeed */,
				4F0050E426A341ED00172A4A /* PantipFeedTests */,
				4F0050EF26A341ED00172A4A /* PantipFeedUITests */,
			);
		};
/* End PBXProject section */

/* Begin PBXResourcesBuildPhase section */
		4F0050CD26A341DF00172A4A /* Resources */ = {
			isa = PBXResourcesBuildPhase;
			buildActionMask = 2147483647;
			files = (
				4F0050DF26A341EC00172A4A /* LaunchScreen.storyboard in Resources */,
				4FD56EE726A44AC300608B22 /* RobotoCondensed-Italic.ttf in Resources */,
				4FD56EEB26A44AC300608B22 /* Roboto-Light.ttf in Resources */,
				4FD56EEC26A44AC300608B22 /* Roboto-ThinItalic.ttf in Resources */,
				4FD56EE226A44AC300608B22 /* Roboto-Regular.ttf in Resources */,
				4F0050DC26A341EC00172A4A /* Assets.xcassets in Resources */,
				4FD56EE126A44AC300608B22 /* RobotoCondensed-LightItalic.ttf in Resources */,
				4FD56EF226A44CAE00608B22 /* NotoSans-Regular.ttf in Resources */,
				4F0D5FA726AD9120007FA21E /* tags.json in Resources */,
				4F0D5FA826AD9120007FA21E /* topics.json in Resources */,
				4FD56EEF26A44AC300608B22 /* Roboto-Thin.ttf in Resources */,
				4FD56EE826A44AC300608B22 /* Roboto-Bold.ttf in Resources */,
				4FD56EE426A44AC300608B22 /* Roboto-LightItalic.ttf in Resources */,
				4FD56EEA26A44AC300608B22 /* RobotoCondensed-Light.ttf in Resources */,
				4FD56EF426A44E2C00608B22 /* NotoSansThai-Regular.ttf in Resources */,
				4FD56EF026A44AC300608B22 /* Roboto-Italic.ttf in Resources */,
				4FD56EE626A44AC300608B22 /* Roboto-BlackItalic.ttf in Resources */,
				4FD56EBC26A4386700608B22 /* NewFeed.storyboard in Resources */,
				4FD56EED26A44AC300608B22 /* RobotoCondensed-Regular.ttf in Resources */,
				4FD56EC326A4469100608B22 /* MainFeedTableViewCell.xib in Resources */,
				4F0D5FA226AD7457007FA21E /* LoadingTableViewCell.xib in Resources */,
				4FD56EE926A44AC300608B22 /* RobotoCondensed-Bold.ttf in Resources */,
				4FD56EDE26A44AC300608B22 /* Roboto-BoldItalic.ttf in Resources */,
				4FD56EE326A44AC300608B22 /* Roboto-Medium.ttf in Resources */,
				4FD56EDF26A44AC300608B22 /* RobotoCondensed-BoldItalic.ttf in Resources */,
				4FD56EE026A44AC300608B22 /* Roboto-MediumItalic.ttf in Resources */,
				4FD56EEE26A44AC300608B22 /* Roboto-Black.ttf in Resources */,
				4FD56EC926A446D200608B22 /* MainFeedCollectionViewCell.xib in Resources */,
			);
			runOnlyForDeploymentPostprocessing = 0;
		};
		4F0050E326A341ED00172A4A /* Resources */ = {
			isa = PBXResourcesBuildPhase;
			buildActionMask = 2147483647;
			files = (
			);
			runOnlyForDeploymentPostprocessing = 0;
		};
		4F0050EE26A341ED00172A4A /* Resources */ = {
			isa = PBXResourcesBuildPhase;
			buildActionMask = 2147483647;
			files = (
			);
			runOnlyForDeploymentPostprocessing = 0;
		};
/* End PBXResourcesBuildPhase section */

/* Begin PBXShellScriptBuildPhase section */
		3CF7FDDEB60CA4138FF4DFA9 /* [CP] Embed Pods Frameworks */ = {
			isa = PBXShellScriptBuildPhase;
			buildActionMask = 2147483647;
			files = (
			);
			inputFileListPaths = (
				"${PODS_ROOT}/Target Support Files/Pods-PantipFeed/Pods-PantipFeed-frameworks-${CONFIGURATION}-input-files.xcfilelist",
			);
			name = "[CP] Embed Pods Frameworks";
			outputFileListPaths = (
				"${PODS_ROOT}/Target Support Files/Pods-PantipFeed/Pods-PantipFeed-frameworks-${CONFIGURATION}-output-files.xcfilelist",
			);
			runOnlyForDeploymentPostprocessing = 0;
			shellPath = /bin/sh;
			shellScript = "\"${PODS_ROOT}/Target Support Files/Pods-PantipFeed/Pods-PantipFeed-frameworks.sh\"\n";
			showEnvVarsInLog = 0;
		};
		4E7124DE22E2777E453BAB2F /* [CP] Check Pods Manifest.lock */ = {
			isa = PBXShellScriptBuildPhase;
			buildActionMask = 2147483647;
			files = (
			);
			inputFileListPaths = (
			);
			inputPaths = (
				"${PODS_PODFILE_DIR_PATH}/Podfile.lock",
				"${PODS_ROOT}/Manifest.lock",
			);
			name = "[CP] Check Pods Manifest.lock";
			outputFileListPaths = (
			);
			outputPaths = (
				"$(DERIVED_FILE_DIR)/Pods-PantipFeed-checkManifestLockResult.txt",
			);
			runOnlyForDeploymentPostprocessing = 0;
			shellPath = /bin/sh;
			shellScript = "diff \"${PODS_PODFILE_DIR_PATH}/Podfile.lock\" \"${PODS_ROOT}/Manifest.lock\" > /dev/null\nif [ $? != 0 ] ; then\n    # print error to STDERR\n    echo \"error: The sandbox is not in sync with the Podfile.lock. Run 'pod install' or update your CocoaPods installation.\" >&2\n    exit 1\nfi\n# This output is used by Xcode 'outputs' to avoid re-running this script phase.\necho \"SUCCESS\" > \"${SCRIPT_OUTPUT_FILE_0}\"\n";
			showEnvVarsInLog = 0;
		};
		648B1FEF142E528C82EA0521 /* [CP] Check Pods Manifest.lock */ = {
			isa = PBXShellScriptBuildPhase;
			buildActionMask = 2147483647;
			files = (
			);
			inputFileListPaths = (
			);
			inputPaths = (
				"${PODS_PODFILE_DIR_PATH}/Podfile.lock",
				"${PODS_ROOT}/Manifest.lock",
			);
			name = "[CP] Check Pods Manifest.lock";
			outputFileListPaths = (
			);
			outputPaths = (
				"$(DERIVED_FILE_DIR)/Pods-PantipFeedTests-checkManifestLockResult.txt",
			);
			runOnlyForDeploymentPostprocessing = 0;
			shellPath = /bin/sh;
			shellScript = "diff \"${PODS_PODFILE_DIR_PATH}/Podfile.lock\" \"${PODS_ROOT}/Manifest.lock\" > /dev/null\nif [ $? != 0 ] ; then\n    # print error to STDERR\n    echo \"error: The sandbox is not in sync with the Podfile.lock. Run 'pod install' or update your CocoaPods installation.\" >&2\n    exit 1\nfi\n# This output is used by Xcode 'outputs' to avoid re-running this script phase.\necho \"SUCCESS\" > \"${SCRIPT_OUTPUT_FILE_0}\"\n";
			showEnvVarsInLog = 0;
		};
		A6B391528FD6718C1934A1E6 /* [CP] Check Pods Manifest.lock */ = {
			isa = PBXShellScriptBuildPhase;
			buildActionMask = 2147483647;
			files = (
			);
			inputFileListPaths = (
			);
			inputPaths = (
				"${PODS_PODFILE_DIR_PATH}/Podfile.lock",
				"${PODS_ROOT}/Manifest.lock",
			);
			name = "[CP] Check Pods Manifest.lock";
			outputFileListPaths = (
			);
			outputPaths = (
				"$(DERIVED_FILE_DIR)/Pods-PantipFeed-PantipFeedUITests-checkManifestLockResult.txt",
			);
			runOnlyForDeploymentPostprocessing = 0;
			shellPath = /bin/sh;
			shellScript = "diff \"${PODS_PODFILE_DIR_PATH}/Podfile.lock\" \"${PODS_ROOT}/Manifest.lock\" > /dev/null\nif [ $? != 0 ] ; then\n    # print error to STDERR\n    echo \"error: The sandbox is not in sync with the Podfile.lock. Run 'pod install' or update your CocoaPods installation.\" >&2\n    exit 1\nfi\n# This output is used by Xcode 'outputs' to avoid re-running this script phase.\necho \"SUCCESS\" > \"${SCRIPT_OUTPUT_FILE_0}\"\n";
			showEnvVarsInLog = 0;
		};
		D641C02BB3A342044B1F6941 /* [CP] Embed Pods Frameworks */ = {
			isa = PBXShellScriptBuildPhase;
			buildActionMask = 2147483647;
			files = (
			);
			inputFileListPaths = (
				"${PODS_ROOT}/Target Support Files/Pods-PantipFeed-PantipFeedUITests/Pods-PantipFeed-PantipFeedUITests-frameworks-${CONFIGURATION}-input-files.xcfilelist",
			);
			name = "[CP] Embed Pods Frameworks";
			outputFileListPaths = (
				"${PODS_ROOT}/Target Support Files/Pods-PantipFeed-PantipFeedUITests/Pods-PantipFeed-PantipFeedUITests-frameworks-${CONFIGURATION}-output-files.xcfilelist",
			);
			runOnlyForDeploymentPostprocessing = 0;
			shellPath = /bin/sh;
			shellScript = "\"${PODS_ROOT}/Target Support Files/Pods-PantipFeed-PantipFeedUITests/Pods-PantipFeed-PantipFeedUITests-frameworks.sh\"\n";
			showEnvVarsInLog = 0;
		};
/* End PBXShellScriptBuildPhase section */

/* Begin PBXSourcesBuildPhase section */
		4F0050CB26A341DF00172A4A /* Sources */ = {
			isa = PBXSourcesBuildPhase;
			buildActionMask = 2147483647;
			files = (
				4FD56EB826A34B4600608B22 /* MainFeedInteractor.swift in Sources */,
				4FD56EB626A34B4600608B22 /* MainFeedModels.swift in Sources */,
				4F0050D326A341DF00172A4A /* AppDelegate.swift in Sources */,
				4F0050D526A341DF00172A4A /* SceneDelegate.swift in Sources */,
				4F0D5FAD26AD9795007FA21E /* TopicResponse.swift in Sources */,
				4FD56EC826A446D200608B22 /* MainFeedCollectionViewCell.swift in Sources */,
				4FD56EB526A34B4600608B22 /* MainFeedRouter.swift in Sources */,
				4FD56EC226A4469100608B22 /* MainFeedTableViewCell.swift in Sources */,
				4F0D5FAB26AD929C007FA21E /* TagsResponse.swift in Sources */,
				4F0D5FA126AD7457007FA21E /* LoadingTableViewCell.swift in Sources */,
				4FD56EB326A34B4600608B22 /* MainFeedPresenter.swift in Sources */,
				4FD56EB426A34B4600608B22 /* MainFeedWorker.swift in Sources */,
				4FD56EB726A34B4600608B22 /* MainFeedViewController.swift in Sources */,
			);
			runOnlyForDeploymentPostprocessing = 0;
		};
		4F0050E126A341ED00172A4A /* Sources */ = {
			isa = PBXSourcesBuildPhase;
			buildActionMask = 2147483647;
			files = (
				4F0050EA26A341ED00172A4A /* PantipFeedTests.swift in Sources */,
			);
			runOnlyForDeploymentPostprocessing = 0;
		};
		4F0050EC26A341ED00172A4A /* Sources */ = {
			isa = PBXSourcesBuildPhase;
			buildActionMask = 2147483647;
			files = (
				4F0050F526A341ED00172A4A /* PantipFeedUITests.swift in Sources */,
			);
			runOnlyForDeploymentPostprocessing = 0;
		};
/* End PBXSourcesBuildPhase section */

/* Begin PBXTargetDependency section */
		4F0050E726A341ED00172A4A /* PBXTargetDependency */ = {
			isa = PBXTargetDependency;
			target = 4F0050CE26A341DF00172A4A /* PantipFeed */;
			targetProxy = 4F0050E626A341ED00172A4A /* PBXContainerItemProxy */;
		};
		4F0050F226A341ED00172A4A /* PBXTargetDependency */ = {
			isa = PBXTargetDependency;
			target = 4F0050CE26A341DF00172A4A /* PantipFeed */;
			targetProxy = 4F0050F126A341ED00172A4A /* PBXContainerItemProxy */;
		};
/* End PBXTargetDependency section */

/* Begin PBXVariantGroup section */
		4F0050DD26A341EC00172A4A /* LaunchScreen.storyboard */ = {
			isa = PBXVariantGroup;
			children = (
				4F0050DE26A341EC00172A4A /* Base */,
			);
			name = LaunchScreen.storyboard;
			sourceTree = "<group>";
		};
/* End PBXVariantGroup section */

/* Begin XCBuildConfiguration section */
		4F0050F726A341ED00172A4A /* Debug */ = {
			isa = XCBuildConfiguration;
			buildSettings = {
				ALWAYS_SEARCH_USER_PATHS = NO;
				CLANG_ANALYZER_NONNULL = YES;
				CLANG_ANALYZER_NUMBER_OBJECT_CONVERSION = YES_AGGRESSIVE;
				CLANG_CXX_LANGUAGE_STANDARD = "gnu++14";
				CLANG_CXX_LIBRARY = "libc++";
				CLANG_ENABLE_MODULES = YES;
				CLANG_ENABLE_OBJC_ARC = YES;
				CLANG_ENABLE_OBJC_WEAK = YES;
				CLANG_WARN_BLOCK_CAPTURE_AUTORELEASING = YES;
				CLANG_WARN_BOOL_CONVERSION = YES;
				CLANG_WARN_COMMA = YES;
				CLANG_WARN_CONSTANT_CONVERSION = YES;
				CLANG_WARN_DEPRECATED_OBJC_IMPLEMENTATIONS = YES;
				CLANG_WARN_DIRECT_OBJC_ISA_USAGE = YES_ERROR;
				CLANG_WARN_DOCUMENTATION_COMMENTS = YES;
				CLANG_WARN_EMPTY_BODY = YES;
				CLANG_WARN_ENUM_CONVERSION = YES;
				CLANG_WARN_INFINITE_RECURSION = YES;
				CLANG_WARN_INT_CONVERSION = YES;
				CLANG_WARN_NON_LITERAL_NULL_CONVERSION = YES;
				CLANG_WARN_OBJC_IMPLICIT_RETAIN_SELF = YES;
				CLANG_WARN_OBJC_LITERAL_CONVERSION = YES;
				CLANG_WARN_OBJC_ROOT_CLASS = YES_ERROR;
				CLANG_WARN_QUOTED_INCLUDE_IN_FRAMEWORK_HEADER = YES;
				CLANG_WARN_RANGE_LOOP_ANALYSIS = YES;
				CLANG_WARN_STRICT_PROTOTYPES = YES;
				CLANG_WARN_SUSPICIOUS_MOVE = YES;
				CLANG_WARN_UNGUARDED_AVAILABILITY = YES_AGGRESSIVE;
				CLANG_WARN_UNREACHABLE_CODE = YES;
				CLANG_WARN__DUPLICATE_METHOD_MATCH = YES;
				COPY_PHASE_STRIP = NO;
				DEBUG_INFORMATION_FORMAT = dwarf;
				ENABLE_STRICT_OBJC_MSGSEND = YES;
				ENABLE_TESTABILITY = YES;
				GCC_C_LANGUAGE_STANDARD = gnu11;
				GCC_DYNAMIC_NO_PIC = NO;
				GCC_NO_COMMON_BLOCKS = YES;
				GCC_OPTIMIZATION_LEVEL = 0;
				GCC_PREPROCESSOR_DEFINITIONS = (
					"DEBUG=1",
					"$(inherited)",
				);
				GCC_WARN_64_TO_32_BIT_CONVERSION = YES;
				GCC_WARN_ABOUT_RETURN_TYPE = YES_ERROR;
				GCC_WARN_UNDECLARED_SELECTOR = YES;
				GCC_WARN_UNINITIALIZED_AUTOS = YES_AGGRESSIVE;
				GCC_WARN_UNUSED_FUNCTION = YES;
				GCC_WARN_UNUSED_VARIABLE = YES;
				IPHONEOS_DEPLOYMENT_TARGET = 14.5;
				MTL_ENABLE_DEBUG_INFO = INCLUDE_SOURCE;
				MTL_FAST_MATH = YES;
				ONLY_ACTIVE_ARCH = YES;
				SDKROOT = iphoneos;
				SWIFT_ACTIVE_COMPILATION_CONDITIONS = DEBUG;
				SWIFT_OPTIMIZATION_LEVEL = "-Onone";
			};
			name = Debug;
		};
		4F0050F826A341ED00172A4A /* Release */ = {
			isa = XCBuildConfiguration;
			buildSettings = {
				ALWAYS_SEARCH_USER_PATHS = NO;
				CLANG_ANALYZER_NONNULL = YES;
				CLANG_ANALYZER_NUMBER_OBJECT_CONVERSION = YES_AGGRESSIVE;
				CLANG_CXX_LANGUAGE_STANDARD = "gnu++14";
				CLANG_CXX_LIBRARY = "libc++";
				CLANG_ENABLE_MODULES = YES;
				CLANG_ENABLE_OBJC_ARC = YES;
				CLANG_ENABLE_OBJC_WEAK = YES;
				CLANG_WARN_BLOCK_CAPTURE_AUTORELEASING = YES;
				CLANG_WARN_BOOL_CONVERSION = YES;
				CLANG_WARN_COMMA = YES;
				CLANG_WARN_CONSTANT_CONVERSION = YES;
				CLANG_WARN_DEPRECATED_OBJC_IMPLEMENTATIONS = YES;
				CLANG_WARN_DIRECT_OBJC_ISA_USAGE = YES_ERROR;
				CLANG_WARN_DOCUMENTATION_COMMENTS = YES;
				CLANG_WARN_EMPTY_BODY = YES;
				CLANG_WARN_ENUM_CONVERSION = YES;
				CLANG_WARN_INFINITE_RECURSION = YES;
				CLANG_WARN_INT_CONVERSION = YES;
				CLANG_WARN_NON_LITERAL_NULL_CONVERSION = YES;
				CLANG_WARN_OBJC_IMPLICIT_RETAIN_SELF = YES;
				CLANG_WARN_OBJC_LITERAL_CONVERSION = YES;
				CLANG_WARN_OBJC_ROOT_CLASS = YES_ERROR;
				CLANG_WARN_QUOTED_INCLUDE_IN_FRAMEWORK_HEADER = YES;
				CLANG_WARN_RANGE_LOOP_ANALYSIS = YES;
				CLANG_WARN_STRICT_PROTOTYPES = YES;
				CLANG_WARN_SUSPICIOUS_MOVE = YES;
				CLANG_WARN_UNGUARDED_AVAILABILITY = YES_AGGRESSIVE;
				CLANG_WARN_UNREACHABLE_CODE = YES;
				CLANG_WARN__DUPLICATE_METHOD_MATCH = YES;
				COPY_PHASE_STRIP = NO;
				DEBUG_INFORMATION_FORMAT = "dwarf-with-dsym";
				ENABLE_NS_ASSERTIONS = NO;
				ENABLE_STRICT_OBJC_MSGSEND = YES;
				GCC_C_LANGUAGE_STANDARD = gnu11;
				GCC_NO_COMMON_BLOCKS = YES;
				GCC_WARN_64_TO_32_BIT_CONVERSION = YES;
				GCC_WARN_ABOUT_RETURN_TYPE = YES_ERROR;
				GCC_WARN_UNDECLARED_SELECTOR = YES;
				GCC_WARN_UNINITIALIZED_AUTOS = YES_AGGRESSIVE;
				GCC_WARN_UNUSED_FUNCTION = YES;
				GCC_WARN_UNUSED_VARIABLE = YES;
				IPHONEOS_DEPLOYMENT_TARGET = 14.5;
				MTL_ENABLE_DEBUG_INFO = NO;
				MTL_FAST_MATH = YES;
				SDKROOT = iphoneos;
				SWIFT_COMPILATION_MODE = wholemodule;
				SWIFT_OPTIMIZATION_LEVEL = "-O";
				VALIDATE_PRODUCT = YES;
			};
			name = Release;
		};
		4F0050FA26A341ED00172A4A /* Debug */ = {
			isa = XCBuildConfiguration;
			baseConfigurationReference = 32B28BE229F644BBCA02164B /* Pods-PantipFeed.debug.xcconfig */;
			buildSettings = {
				ASSETCATALOG_COMPILER_APPICON_NAME = AppIcon;
				ASSETCATALOG_COMPILER_GLOBAL_ACCENT_COLOR_NAME = AccentColor;
				CODE_SIGN_STYLE = Automatic;
				DEVELOPMENT_TEAM = H969998C8C;
				INFOPLIST_FILE = PantipFeed/Info.plist;
				LD_RUNPATH_SEARCH_PATHS = (
					"$(inherited)",
					"@executable_path/Frameworks",
				);
				PRODUCT_BUNDLE_IDENTIFIER = com.thanathip.pantiptest.PantipFeed;
				PRODUCT_NAME = "$(TARGET_NAME)";
				SWIFT_VERSION = 5.0;
				TARGETED_DEVICE_FAMILY = "1,2";
			};
			name = Debug;
		};
		4F0050FB26A341ED00172A4A /* Release */ = {
			isa = XCBuildConfiguration;
			baseConfigurationReference = 2A5A37A39790B1C606507E50 /* Pods-PantipFeed.release.xcconfig */;
			buildSettings = {
				ASSETCATALOG_COMPILER_APPICON_NAME = AppIcon;
				ASSETCATALOG_COMPILER_GLOBAL_ACCENT_COLOR_NAME = AccentColor;
				CODE_SIGN_STYLE = Automatic;
				DEVELOPMENT_TEAM = H969998C8C;
				INFOPLIST_FILE = PantipFeed/Info.plist;
				LD_RUNPATH_SEARCH_PATHS = (
					"$(inherited)",
					"@executable_path/Frameworks",
				);
				PRODUCT_BUNDLE_IDENTIFIER = com.thanathip.pantiptest.PantipFeed;
				PRODUCT_NAME = "$(TARGET_NAME)";
				SWIFT_VERSION = 5.0;
				TARGETED_DEVICE_FAMILY = "1,2";
			};
			name = Release;
		};
		4F0050FD26A341ED00172A4A /* Debug */ = {
			isa = XCBuildConfiguration;
			baseConfigurationReference = A18D3308408C581449ACD661 /* Pods-PantipFeedTests.debug.xcconfig */;
			buildSettings = {
				ALWAYS_EMBED_SWIFT_STANDARD_LIBRARIES = YES;
				BUNDLE_LOADER = "$(TEST_HOST)";
				CODE_SIGN_STYLE = Automatic;
				DEVELOPMENT_TEAM = H969998C8C;
				INFOPLIST_FILE = PantipFeedTests/Info.plist;
				IPHONEOS_DEPLOYMENT_TARGET = 14.5;
				LD_RUNPATH_SEARCH_PATHS = (
					"$(inherited)",
					"@executable_path/Frameworks",
					"@loader_path/Frameworks",
				);
				PRODUCT_BUNDLE_IDENTIFIER = com.thanathip.pantiptest.PantipFeedTests;
				PRODUCT_NAME = "$(TARGET_NAME)";
				SWIFT_VERSION = 5.0;
				TARGETED_DEVICE_FAMILY = "1,2";
				TEST_HOST = "$(BUILT_PRODUCTS_DIR)/PantipFeed.app/PantipFeed";
			};
			name = Debug;
		};
		4F0050FE26A341ED00172A4A /* Release */ = {
			isa = XCBuildConfiguration;
			baseConfigurationReference = A4A9D15784F3F180D46B4029 /* Pods-PantipFeedTests.release.xcconfig */;
			buildSettings = {
				ALWAYS_EMBED_SWIFT_STANDARD_LIBRARIES = YES;
				BUNDLE_LOADER = "$(TEST_HOST)";
				CODE_SIGN_STYLE = Automatic;
				DEVELOPMENT_TEAM = H969998C8C;
				INFOPLIST_FILE = PantipFeedTests/Info.plist;
				IPHONEOS_DEPLOYMENT_TARGET = 14.5;
				LD_RUNPATH_SEARCH_PATHS = (
					"$(inherited)",
					"@executable_path/Frameworks",
					"@loader_path/Frameworks",
				);
				PRODUCT_BUNDLE_IDENTIFIER = com.thanathip.pantiptest.PantipFeedTests;
				PRODUCT_NAME = "$(TARGET_NAME)";
				SWIFT_VERSION = 5.0;
				TARGETED_DEVICE_FAMILY = "1,2";
				TEST_HOST = "$(BUILT_PRODUCTS_DIR)/PantipFeed.app/PantipFeed";
			};
			name = Release;
		};
		4F00510026A341ED00172A4A /* Debug */ = {
			isa = XCBuildConfiguration;
			baseConfigurationReference = 8B63C4D0647840AD69E43458 /* Pods-PantipFeed-PantipFeedUITests.debug.xcconfig */;
			buildSettings = {
				ALWAYS_EMBED_SWIFT_STANDARD_LIBRARIES = YES;
				CODE_SIGN_STYLE = Automatic;
				DEVELOPMENT_TEAM = H969998C8C;
				INFOPLIST_FILE = PantipFeedUITests/Info.plist;
				LD_RUNPATH_SEARCH_PATHS = (
					"$(inherited)",
					"@executable_path/Frameworks",
					"@loader_path/Frameworks",
				);
				PRODUCT_BUNDLE_IDENTIFIER = com.thanathip.pantiptest.PantipFeedUITests;
				PRODUCT_NAME = "$(TARGET_NAME)";
				SWIFT_VERSION = 5.0;
				TARGETED_DEVICE_FAMILY = "1,2";
				TEST_TARGET_NAME = PantipFeed;
			};
			name = Debug;
		};
		4F00510126A341ED00172A4A /* Release */ = {
			isa = XCBuildConfiguration;
			baseConfigurationReference = C3D8D6AD2C342054A1FA7D29 /* Pods-PantipFeed-PantipFeedUITests.release.xcconfig */;
			buildSettings = {
				ALWAYS_EMBED_SWIFT_STANDARD_LIBRARIES = YES;
				CODE_SIGN_STYLE = Automatic;
				DEVELOPMENT_TEAM = H969998C8C;
				INFOPLIST_FILE = PantipFeedUITests/Info.plist;
				LD_RUNPATH_SEARCH_PATHS = (
					"$(inherited)",
					"@executable_path/Frameworks",
					"@loader_path/Frameworks",
				);
				PRODUCT_BUNDLE_IDENTIFIER = com.thanathip.pantiptest.PantipFeedUITests;
				PRODUCT_NAME = "$(TARGET_NAME)";
				SWIFT_VERSION = 5.0;
				TARGETED_DEVICE_FAMILY = "1,2";
				TEST_TARGET_NAME = PantipFeed;
			};
			name = Release;
		};
/* End XCBuildConfiguration section */

/* Begin XCConfigurationList section */
		4F0050CA26A341DF00172A4A /* Build configuration list for PBXProject "PantipFeed" */ = {
			isa = XCConfigurationList;
			buildConfigurations = (
				4F0050F726A341ED00172A4A /* Debug */,
				4F0050F826A341ED00172A4A /* Release */,
			);
			defaultConfigurationIsVisible = 0;
			defaultConfigurationName = Release;
		};
		4F0050F926A341ED00172A4A /* Build configuration list for PBXNativeTarget "PantipFeed" */ = {
			isa = XCConfigurationList;
			buildConfigurations = (
				4F0050FA26A341ED00172A4A /* Debug */,
				4F0050FB26A341ED00172A4A /* Release */,
			);
			defaultConfigurationIsVisible = 0;
			defaultConfigurationName = Release;
		};
		4F0050FC26A341ED00172A4A /* Build configuration list for PBXNativeTarget "PantipFeedTests" */ = {
			isa = XCConfigurationList;
			buildConfigurations = (
				4F0050FD26A341ED00172A4A /* Debug */,
				4F0050FE26A341ED00172A4A /* Release */,
			);
			defaultConfigurationIsVisible = 0;
			defaultConfigurationName = Release;
		};
		4F0050FF26A341ED00172A4A /* Build configuration list for PBXNativeTarget "PantipFeedUITests" */ = {
			isa = XCConfigurationList;
			buildConfigurations = (
				4F00510026A341ED00172A4A /* Debug */,
				4F00510126A341ED00172A4A /* Release */,
			);
			defaultConfigurationIsVisible = 0;
			defaultConfigurationName = Release;
		};
/* End XCConfigurationList section */
	};
	rootObject = 4F0050C726A341DF00172A4A /* Project object */;
}
